
Microsoft Visual Studio Solution File, Format Version 12.00
# Visual Studio 14
VisualStudioVersion = 14.0.25420.1
MinimumVisualStudioVersion = 10.0.40219.1
Project("{2150E333-8FDC-42A3-9474-1A3956D46DE8}") = "Engine", "Engine", "{0BFE0D42-F58A-4E65-920E-60F2A5C551BE}"
EndProject
Project("{2150E333-8FDC-42A3-9474-1A3956D46DE8}") = "Games", "Games", "{0E983943-045D-4E05-B25D-68143B46685D}"
EndProject
Project("{8BC9CEB8-8B4A-11D0-8D11-00A0C91BC942}") = "UE4", "Intermediate\ProjectFiles\UE4.vcxproj", "{DECB0120-CB1B-4B77-B915-FB950C834A2E}"
EndProject
Project("{8BC9CEB8-8B4A-11D0-8D11-00A0C91BC942}") = "MyProject5", "Intermediate\ProjectFiles\MyProject5.vcxproj", "{68BA3628-D1E9-4059-874F-74DE5CEE1DA4}"
EndProject
Global
	GlobalSection(SolutionConfigurationPlatforms) = preSolution
		DebugGame Editor|HTML5 = DebugGame Editor|HTML5
		DebugGame Editor|Win32 = DebugGame Editor|Win32
		DebugGame Editor|Win64 = DebugGame Editor|Win64
		DebugGame|HTML5 = DebugGame|HTML5
		DebugGame|Win32 = DebugGame|Win32
		DebugGame|Win64 = DebugGame|Win64
		Development Editor|HTML5 = Development Editor|HTML5
		Development Editor|Win32 = Development Editor|Win32
		Development Editor|Win64 = Development Editor|Win64
		Development|HTML5 = Development|HTML5
		Development|Win32 = Development|Win32
		Development|Win64 = Development|Win64
		Shipping|HTML5 = Shipping|HTML5
		Shipping|Win32 = Shipping|Win32
		Shipping|Win64 = Shipping|Win64
	EndGlobalSection
	GlobalSection(ProjectConfigurationPlatforms) = postSolution
		{DECB0120-CB1B-4B77-B915-FB950C834A2E}.DebugGame Editor|HTML5.ActiveCfg = BuiltWithUnrealBuildTool|Win32
		{DECB0120-CB1B-4B77-B915-FB950C834A2E}.DebugGame Editor|HTML5.Build.0 = BuiltWithUnrealBuildTool|Win32
		{DECB0120-CB1B-4B77-B915-FB950C834A2E}.DebugGame Editor|Win32.ActiveCfg = BuiltWithUnrealBuildTool|Win32
		{DECB0120-CB1B-4B77-B915-FB950C834A2E}.DebugGame Editor|Win32.Build.0 = BuiltWithUnrealBuildTool|Win32
		{DECB0120-CB1B-4B77-B915-FB950C834A2E}.DebugGame Editor|Win64.ActiveCfg = BuiltWithUnrealBuildTool|Win32
		{DECB0120-CB1B-4B77-B915-FB950C834A2E}.DebugGame Editor|Win64.Build.0 = BuiltWithUnrealBuildTool|Win32
		{DECB0120-CB1B-4B77-B915-FB950C834A2E}.DebugGame|HTML5.ActiveCfg = BuiltWithUnrealBuildTool|Win32
		{DECB0120-CB1B-4B77-B915-FB950C834A2E}.DebugGame|HTML5.Build.0 = BuiltWithUnrealBuildTool|Win32
		{DECB0120-CB1B-4B77-B915-FB950C834A2E}.DebugGame|Win32.ActiveCfg = BuiltWithUnrealBuildTool|Win32
		{DECB0120-CB1B-4B77-B915-FB950C834A2E}.DebugGame|Win32.Build.0 = BuiltWithUnrealBuildTool|Win32
		{DECB0120-CB1B-4B77-B915-FB950C834A2E}.DebugGame|Win64.ActiveCfg = BuiltWithUnrealBuildTool|Win32
		{DECB0120-CB1B-4B77-B915-FB950C834A2E}.DebugGame|Win64.Build.0 = BuiltWithUnrealBuildTool|Win32
		{DECB0120-CB1B-4B77-B915-FB950C834A2E}.Development Editor|HTML5.ActiveCfg = BuiltWithUnrealBuildTool|Win32
		{DECB0120-CB1B-4B77-B915-FB950C834A2E}.Development Editor|HTML5.Build.0 = BuiltWithUnrealBuildTool|Win32
		{DECB0120-CB1B-4B77-B915-FB950C834A2E}.Development Editor|Win32.ActiveCfg = BuiltWithUnrealBuildTool|Win32
		{DECB0120-CB1B-4B77-B915-FB950C834A2E}.Development Editor|Win32.Build.0 = BuiltWithUnrealBuildTool|Win32
		{DECB0120-CB1B-4B77-B915-FB950C834A2E}.Development Editor|Win64.ActiveCfg = BuiltWithUnrealBuildTool|Win32
		{DECB0120-CB1B-4B77-B915-FB950C834A2E}.Development Editor|Win64.Build.0 = BuiltWithUnrealBuildTool|Win32
		{DECB0120-CB1B-4B77-B915-FB950C834A2E}.Development|HTML5.ActiveCfg = BuiltWithUnrealBuildTool|Win32
		{DECB0120-CB1B-4B77-B915-FB950C834A2E}.Development|HTML5.Build.0 = BuiltWithUnrealBuildTool|Win32
		{DECB0120-CB1B-4B77-B915-FB950C834A2E}.Development|Win32.ActiveCfg = BuiltWithUnrealBuildTool|Win32
		{DECB0120-CB1B-4B77-B915-FB950C834A2E}.Development|Win32.Build.0 = BuiltWithUnrealBuildTool|Win32
		{DECB0120-CB1B-4B77-B915-FB950C834A2E}.Development|Win64.ActiveCfg = BuiltWithUnrealBuildTool|Win32
		{DECB0120-CB1B-4B77-B915-FB950C834A2E}.Development|Win64.Build.0 = BuiltWithUnrealBuildTool|Win32
		{DECB0120-CB1B-4B77-B915-FB950C834A2E}.Shipping|HTML5.ActiveCfg = BuiltWithUnrealBuildTool|Win32
		{DECB0120-CB1B-4B77-B915-FB950C834A2E}.Shipping|HTML5.Build.0 = BuiltWithUnrealBuildTool|Win32
		{DECB0120-CB1B-4B77-B915-FB950C834A2E}.Shipping|Win32.ActiveCfg = BuiltWithUnrealBuildTool|Win32
		{DECB0120-CB1B-4B77-B915-FB950C834A2E}.Shipping|Win32.Build.0 = BuiltWithUnrealBuildTool|Win32
		{DECB0120-CB1B-4B77-B915-FB950C834A2E}.Shipping|Win64.ActiveCfg = BuiltWithUnrealBuildTool|Win32
		{DECB0120-CB1B-4B77-B915-FB950C834A2E}.Shipping|Win64.Build.0 = BuiltWithUnrealBuildTool|Win32
		{68BA3628-D1E9-4059-874F-74DE5CEE1DA4}.DebugGame Editor|HTML5.ActiveCfg = HTML5_DebugGame_Editor|Win32
		{68BA3628-D1E9-4059-874F-74DE5CEE1DA4}.DebugGame Editor|Win32.ActiveCfg = DebugGame_Editor|Win32
		{68BA3628-D1E9-4059-874F-74DE5CEE1DA4}.DebugGame Editor|Win64.ActiveCfg = DebugGame_Editor|x64
		{68BA3628-D1E9-4059-874F-74DE5CEE1DA4}.DebugGame Editor|Win64.Build.0 = DebugGame_Editor|x64
		{68BA3628-D1E9-4059-874F-74DE5CEE1DA4}.DebugGame|HTML5.ActiveCfg = HTML5_DebugGame_Game|Win32
		{68BA3628-D1E9-4059-874F-74DE5CEE1DA4}.DebugGame|HTML5.Build.0 = HTML5_DebugGame_Game|Win32
		{68BA3628-D1E9-4059-874F-74DE5CEE1DA4}.DebugGame|Win32.ActiveCfg = DebugGame_Game|Win32
		{68BA3628-D1E9-4059-874F-74DE5CEE1DA4}.DebugGame|Win32.Build.0 = DebugGame_Game|Win32
		{68BA3628-D1E9-4059-874F-74DE5CEE1DA4}.DebugGame|Win64.ActiveCfg = DebugGame_Game|x64
		{68BA3628-D1E9-4059-874F-74DE5CEE1DA4}.DebugGame|Win64.Build.0 = DebugGame_Game|x64
		{68BA3628-D1E9-4059-874F-74DE5CEE1DA4}.Development Editor|HTML5.ActiveCfg = HTML5_Development_Editor|Win32
		{68BA3628-D1E9-4059-874F-74DE5CEE1DA4}.Development Editor|Win32.ActiveCfg = Development_Editor|Win32
		{68BA3628-D1E9-4059-874F-74DE5CEE1DA4}.Development Editor|Win64.ActiveCfg = Development_Editor|x64
		{68BA3628-D1E9-4059-874F-74DE5CEE1DA4}.Development Editor|Win64.Build.0 = Development_Editor|x64
		{68BA3628-D1E9-4059-874F-74DE5CEE1DA4}.Development|HTML5.ActiveCfg = HTML5_Development_Game|Win32
		{68BA3628-D1E9-4059-874F-74DE5CEE1DA4}.Development|HTML5.Build.0 = HTML5_Development_Game|Win32
		{68BA3628-D1E9-4059-874F-74DE5CEE1DA4}.Development|Win32.ActiveCfg = Development_Game|Win32
		{68BA3628-D1E9-4059-874F-74DE5CEE1DA4}.Development|Win32.Build.0 = Development_Game|Win32
		{68BA3628-D1E9-4059-874F-74DE5CEE1DA4}.Development|Win64.ActiveCfg = Development_Game|x64
		{68BA3628-D1E9-4059-874F-74DE5CEE1DA4}.Development|Win64.Build.0 = Development_Game|x64
		{68BA3628-D1E9-4059-874F-74DE5CEE1DA4}.Shipping|HTML5.ActiveCfg = HTML5_Shipping_Game|Win32
		{68BA3628-D1E9-4059-874F-74DE5CEE1DA4}.Shipping|HTML5.Build.0 = HTML5_Shipping_Game|Win32
		{68BA3628-D1E9-4059-874F-74DE5CEE1DA4}.Shipping|Win32.ActiveCfg = Shipping_Game|Win32
		{68BA3628-D1E9-4059-874F-74DE5CEE1DA4}.Shipping|Win32.Build.0 = Shipping_Game|Win32
		{68BA3628-D1E9-4059-874F-74DE5CEE1DA4}.Shipping|Win64.ActiveCfg = Shipping_Game|x64
		{68BA3628-D1E9-4059-874F-74DE5CEE1DA4}.Shipping|Win64.Build.0 = Shipping_Game|x64
	EndGlobalSection
	GlobalSection(SolutionProperties) = preSolution
		HideSolutionNode = FALSE
	EndGlobalSection
	GlobalSection(NestedProjects) = preSolution
		{DECB0120-CB1B-4B77-B915-FB950C834A2E} = {0BFE0D42-F58A-4E65-920E-60F2A5C551BE}
		{68BA3628-D1E9-4059-874F-74DE5CEE1DA4} = {0E983943-045D-4E05-B25D-68143B46685D}
	EndGlobalSection
EndGlobal
